PODS:
  - Alamofire (5.6.4)
  - JJFloatingActionButton (2.5.0)
  - KakaoSDKAuth (2.12.0):
    - KakaoSDKCommon (= 2.12.0)
  - KakaoSDKCommon (2.12.0):
    - KakaoSDKCommon/Common (= 2.12.0)
    - KakaoSDKCommon/Network (= 2.12.0)
  - KakaoSDKCommon/Common (2.12.0)
  - KakaoSDKCommon/Network (2.12.0):
    - Alamofire (~> 5.1)
    - KakaoSDKCommon/Common (= 2.12.0)
  - KakaoSDKUser (2.12.0):
    - KakaoSDKAuth (= 2.12.0)
  - KeychainAccess (4.2.2)
  - Kingfisher (7.4.1)
  - lottie-ios (3.5.0)
  - RxCocoa (6.5.0):
    - RxRelay (= 6.5.0)
    - RxSwift (= 6.5.0)
  - RxRelay (6.5.0):
    - RxSwift (= 6.5.0)
  - RxSwift (6.5.0)
  - SnapKit (5.6.0)
  - Then (3.0.0)

DEPENDENCIES:
  - Alamofire (~> 5.5)
  - JJFloatingActionButton
  - KakaoSDKAuth
  - KakaoSDKCommon
  - KakaoSDKUser
  - KeychainAccess
  - Kingfisher (~> 7.0)
  - lottie-ios
  - RxCocoa (= 6.5.0)
  - RxSwift (= 6.5.0)
  - SnapKit (~> 5.6.0)
  - Then

SPEC REPOS:
  trunk:
    - Alamofire
    - JJFloatingActionButton
    - KakaoSDKAuth
    - KakaoSDKCommon
    - KakaoSDKUser
    - KeychainAccess
    - Kingfisher
    - lottie-ios
    - RxCocoa
    - RxRelay
    - RxSwift
    - SnapKit
    - Then

SPEC CHECKSUMS:
  Alamofire: 4e95d97098eacb88856099c4fc79b526a299e48c
  JJFloatingActionButton: fdc3aefb0f28f04d0f988fa25d5fac97028a9ea7
  KakaoSDKAuth: 46e9979113a2f1b6ce7b347465841c78f6e43b03
  KakaoSDKCommon: 7a49d3c686a7b38b4736ab4b8e0f776feed15bcd
  KakaoSDKUser: addc31c3b9b5be71b231021467dbaef3086efbb2
  KeychainAccess: c0c4f7f38f6fc7bbe58f5702e25f7bd2f65abf51
  Kingfisher: cd762a593a61b2fbecf7645c00f9a801a3ebfc9c
  lottie-ios: c55158d67d0629a260625cc2ded2052b829e3c3e
  RxCocoa: 94f817b71c07517321eb4f9ad299112ca8af743b
  RxRelay: 1de1523e604c72b6c68feadedd1af3b1b4d0ecbd
  RxSwift: 5710a9e6b17f3c3d6e40d6e559b9fa1e813b2ef8
  SnapKit: e01d52ebb8ddbc333eefe2132acf85c8227d9c25
  Then: 844265ae87834bbe1147d91d5d41a404da2ec27d

PODFILE CHECKSUM: cdd950e61e55a58dc9d32b6c1bc8a3569fc67d5a

COCOAPODS: 1.11.3
